{
  "pins" : [
    {
      "identity" : "fonts",
      "kind" : "remoteSourceControl",
      "location" : "https://github.com/guardian/fonts.git",
      "state" : {
        "branch" : "fonts+process",
        "revision" : "7a8e1d5c8163040cbb67bae981bd8993dd326241"
      }
    }
  ],
  "version" : 2
}
