{
  "pins" : [
    {
      "identity" : "fonts",
      "kind" : "remoteSourceControl",
      "location" : "https://github.com/guardian/fonts.git",
      "state" : {
        "branch" : "ios-line-spacing",
        "revision" : "7d960efa6222e8c69b42ccb5e00f45cd99510b19"
      }
    }
  ],
  "version" : 2
}
