{
  "pins" : [
    {
      "identity" : "fonts",
      "kind" : "remoteSourceControl",
      "location" : "https://github.com/guardian/fonts.git",
      "state" : {
        "branch" : "aml-macos-compatibility",
        "revision" : "68ccea0d2a1c5b803c04e98d6cfd6c64d585b946"
      }
    }
  ],
  "version" : 2
}
